{
  "R": {
    "Version": "4.2.1",
    "Repositories": [
      {
        "Name": "CRAN",
        "URL": "https://packagemanager.posit.co/cran/latest"
      }
    ]
  },
  "Packages": {
    "AER": {
      "Package": "AER",
      "Version": "1.2-12",
      "Source": "Repository",
      "Repository": "CRAN",
      "Requirements": [
        "Formula",
        "R",
        "car",
        "lmtest",
        "sandwich",
        "stats",
        "survival",
        "zoo"
      ],
      "Hash": "7c3069ce3f1634c30b1d7a4eb1bbbd82"
    },
    "Formula": {
      "Package": "Formula",
      "Version": "1.2-5",
      "Source": "Repository",
      "Repository": "CRAN",
      "Requirements": [
        "R",
        "stats"
      ],
      "Hash": "7a29697b75e027767a53fde6c903eca7"
    },
    "Rdpack": {
      "Package": "Rdpack",
      "Version": "2.6",
      "Source": "Repository",
      "Repository": "CRAN",
      "Requirements": [
        "R",
        "methods",
        "rbibutils",
        "tools",
        "utils"
      ],
      "Hash": "3e1384ada5d3948b392e98b11434d972"
    },
    "bdsmatrix": {
      "Package": "bdsmatrix",
      "Version": "1.3-7",
      "Source": "Repository",
      "Repository": "CRAN",
      "Requirements": [
        "R",
        "methods"
      ],
      "Hash": "d36e416e5a8f91cf90b5edeb3306703a"
    },
    "calibrate": {
      "Package": "calibrate",
      "Version": "1.7.7",
      "Source": "Repository",
      "Repository": "CRAN",
      "Requirements": [
        "MASS",
        "R"
      ],
      "Hash": "0240da64c75ec26bdf741e6891f333b0"
    },
    "clubSandwich": {
      "Package": "clubSandwich",
      "Version": "0.5.10",
      "Source": "Repository",
      "Repository": "CRAN",
      "Requirements": [
        "R",
        "sandwich",
        "stats"
      ],
      "Hash": "e6e6675e9c3f0ba27819e15782b79266"
    },
    "collapse": {
      "Package": "collapse",
      "Version": "2.0.13",
      "Source": "Repository",
      "Repository": "CRAN",
      "Requirements": [
        "R",
        "Rcpp"
      ],
      "Hash": "46eb275b7e00c74760491519c32c5a7b"
    },
    "lattice": {
      "Package": "lattice",
      "Version": "0.20-45",
      "Source": "Repository",
      "Repository": "CRAN",
      "Requirements": [
        "R",
        "grDevices",
        "graphics",
        "grid",
        "stats",
        "utils"
      ],
      "Hash": "b64cdbb2b340437c4ee047a1f4c4377b"
    },
    "lmtest": {
      "Package": "lmtest",
      "Version": "0.9-40",
      "Source": "Repository",
      "Repository": "CRAN",
      "Requirements": [
        "R",
        "graphics",
        "stats",
        "zoo"
      ],
      "Hash": "c6fafa6cccb1e1dfe7f7d122efd6e6a7"
    },
    "maxLik": {
      "Package": "maxLik",
      "Version": "1.5-2.1",
      "Source": "Repository",
      "Repository": "CRAN",
      "Requirements": [
        "R",
        "generics",
        "methods",
        "miscTools",
        "sandwich"
      ],
      "Hash": "b9cc31d9ed2ede075cb7b1c684c07b6e"
    },
    "miscTools": {
      "Package": "miscTools",
      "Version": "0.6-28",
      "Source": "Repository",
      "Repository": "CRAN",
      "Requirements": [
        "R",
        "digest"
      ],
      "Hash": "1f36c0edc10a5a5f512e424cb576a754"
    },
    "plm": {
      "Package": "plm",
      "Version": "2.6-4",
      "Source": "Repository",
      "Repository": "CRAN",
      "Requirements": [
        "Formula",
        "MASS",
        "R",
        "Rdpack",
        "bdsmatrix",
        "collapse",
        "lattice",
        "lmtest",
        "maxLik",
        "nlme",
        "sandwich",
        "stats",
        "zoo"
      ],
      "Hash": "fedfb9cc018931edf15d0107f9e1addb"
    },
    "rbibutils": {
      "Package": "rbibutils",
      "Version": "2.2.16",
      "Source": "Repository",
      "Repository": "CRAN",
      "Requirements": [
        "R",
        "tools",
        "utils"
      ],
      "Hash": "8c06968e0a5b0209c5f34239b1302336"
    },
    "renv": {
      "Package": "renv",
      "Version": "1.0.7",
      "Source": "Repository",
      "Repository": "CRAN",
      "Requirements": [
        "utils"
      ],
      "Hash": "397b7b2a265bc5a7a06852524dabae20"
    },
    "zoo": {
      "Package": "zoo",
      "Version": "1.8-11",
      "Source": "Repository",
      "Repository": "CRAN",
      "Requirements": [
        "R",
        "grDevices",
        "graphics",
        "lattice",
        "stats",
        "utils"
      ],
      "Hash": "874a5b77fe0cfacf2a3450069ae70926"
    }
  }
}
